version = 1
revision = 3
requires-python = ">=3.14"

[[package]]
name = "py-no-gil"
version = "0.1.0"
source = { editable = "." }

[package.dev-dependencies]
dev = [
    { name = "ty" },
]

[package.metadata]

[package.metadata.requires-dev]
dev = [{ name = "ty", specifier = ">=0.0.39" }]

[[package]]
name = "ty"
version = "0.0.39"
source = { registry = "https://pypi.org/simple" }
sdist = { url = "https://files.pythonhosted.org/packages/d0/8d/7b5c74dc287fbcb37bae9853cec13bf44717c1735298500e4aeba31579a9/ty-0.0.39.tar.gz", hash = "sha256:f750277e76a01ecd86185960eca73823c26a53c51103568d56d4d904575159fd", size = 5702365, upload-time = "2026-05-22T21:09:56.403Z" }
wheels = [
    { url = "https://files.pythonhosted.org/packages/08/17/9b89802c26d12d0f7a27bc25d4066d941d42891e8898f9f26499f0067e32/ty-0.0.39-py3-none-linux_armv6l.whl", hash = "sha256:c1bb7ac70f1f7d70cc6655fd96558039e4562b10f489fa49c7ebfd5fcee73ad1", size = 11360431, upload-time = "2026-05-22T21:09:18.689Z" },
    { url = "https://files.pythonhosted.org/packages/9c/c6/663ded50e823dbf9fb9d002eca46b7cb1fb2c72b744b84f22ce732a0ee0b/ty-0.0.39-py3-none-macosx_10_12_x86_64.whl", hash = "sha256:3435b64c1e59c14c9aa39c20cc018823937cd38d55db853e74d95b8f420569b0", size = 11096281, upload-time = "2026-05-22T21:09:15.383Z" },
    { url = "https://files.pythonhosted.org/packages/8b/ae/5d38ba9a6456ff4c78d212cf464fd8b9a25d8118465197b0b2dc891c0b19/ty-0.0.39-py3-none-macosx_11_0_arm64.whl", hash = "sha256:5f136377ce46c73677701a9e1ad730bf72f699bcec046e422eb79d0886cac3ab", size = 10529674, upload-time = "2026-05-22T21:09:46.471Z" },
    { url = "https://files.pythonhosted.org/packages/be/6f/43638cb8106445d3c8817256a0731cde9dd7b6a53ae2e881294bc1930ca3/ty-0.0.39-py3-none-manylinux_2_17_aarch64.manylinux2014_aarch64.whl", hash = "sha256:36b65fb0cc17f03e851d40e210d420be94ab8bc52d041328ad1e45f616036a61", size = 11055561, upload-time = "2026-05-22T21:09:36.981Z" },
    { url = "https://files.pythonhosted.org/packages/91/17/95e62cf4458527ce78dc386eba18f8b10c3fb64cd8c9e7e59b262ff6029d/ty-0.0.39-py3-none-manylinux_2_17_armv7l.manylinux2014_armv7l.whl", hash = "sha256:4967967bfadf3860ff84c3fccdbaec8edf8aa20d0d727521084733d853de6657", size = 11127185, upload-time = "2026-05-22T21:09:31.395Z" },
    { url = "https://files.pythonhosted.org/packages/4e/c0/93666c213db5c71ab1b1f1a0db5f66bf8c7c0e0b0bf59859f5da8f0b3c36/ty-0.0.39-py3-none-manylinux_2_17_i686.manylinux2014_i686.whl", hash = "sha256:9e10ecb1297099ddf9a1f054f8bd921d1863ce85fb819a3c96ed27865a1ba6ed", size = 11608459, upload-time = "2026-05-22T21:09:12.862Z" },
    { url = "https://files.pythonhosted.org/packages/79/85/3b26585afc8b50230d6464bb0642feef4fab3f847e38b1f0ffa971a81446/ty-0.0.39-py3-none-manylinux_2_17_ppc64le.manylinux2014_ppc64le.whl", hash = "sha256:9b19cca70e465d71b0510656343883d62372bbe74b7845cae7c0e701d6d5264b", size = 12177101, upload-time = "2026-05-22T21:09:40.519Z" },
    { url = "https://files.pythonhosted.org/packages/49/4a/1039e4f6afc576dc1c3a4d22a6478904a1ad3766597cd0b93c077ab9dfce/ty-0.0.39-py3-none-manylinux_2_17_s390x.manylinux2014_s390x.whl", hash = "sha256:56c6704b01b9b3d80ff26b2918423b742516d1e469bef830e9254dcedc9185bf", size = 11827815, upload-time = "2026-05-22T21:09:49.89Z" },
    { url = "https://files.pythonhosted.org/packages/e2/c5/4688652870e350a76a8157f7ffb59ad54f37d5d10725aa7076f66ac94ec8/ty-0.0.39-py3-none-manylinux_2_17_x86_64.manylinux2014_x86_64.whl", hash = "sha256:40b7840ff46764b6a6757f4ade1cd0530fc3e8a0b435ca93e7602360e4cb90b6", size = 11694429, upload-time = "2026-05-22T21:09:21.568Z" },
    { url = "https://files.pythonhosted.org/packages/fc/72/8a1c4e823bb5bdc935a1c8140e100304e36a68a4139592f170aa9736fdb7/ty-0.0.39-py3-none-manylinux_2_31_riscv64.whl", hash = "sha256:1c62a3a87ce26b50819f0dbf03bd95f23f19eeb87bbc7aa732ec64277c77f1aa", size = 11869846, upload-time = "2026-05-22T21:09:28.053Z" },
    { url = "https://files.pythonhosted.org/packages/17/9f/cf982457b861ae22d657c5dcdbc631199f7f90264279db1d17230dfbc3ff/ty-0.0.39-py3-none-musllinux_1_2_aarch64.whl", hash = "sha256:f8c34bc81a9c3516e49904e9d8330aac385377cca98390193ea02b903a40fcf0", size = 11029763, upload-time = "2026-05-22T21:09:06.791Z" },
    { url = "https://files.pythonhosted.org/packages/46/c9/95b64f6d43ae6e8f0b7e13dacf9c196d35819af22b1924171fba31383156/ty-0.0.39-py3-none-musllinux_1_2_armv7l.whl", hash = "sha256:66f5ab11586a64e79cb692ad685ee5469325c31b5f30bd3554f52f36dbe28cc4", size = 11146761, upload-time = "2026-05-22T21:09:10.178Z" },
    { url = "https://files.pythonhosted.org/packages/52/69/0a89cfb06f7632a05bf56c78e0affb4a40f81759e275376cea75c9c5abe9/ty-0.0.39-py3-none-musllinux_1_2_i686.whl", hash = "sha256:e8d89732bcbbcb091f439e556dfc4932f198b118b47d5b85212c60662099670e", size = 11281843, upload-time = "2026-05-22T21:09:34.234Z" },
    { url = "https://files.pythonhosted.org/packages/0e/53/64c4a27067a46643fea2b3fcf21a8a2f838d91a65ffdd14f2e82945b9538/ty-0.0.39-py3-none-musllinux_1_2_x86_64.whl", hash = "sha256:eceb6c91dcd05a231119f82abdd9aa337513de23ca6ac990bc44f88791dc1799", size = 11792477, upload-time = "2026-05-22T21:09:24.923Z" },
    { url = "https://files.pythonhosted.org/packages/1a/e8/02f4dd4a12bcdbda0006f9c7ff3b99a4be06bd0d257d3bd4a5b66de074e6/ty-0.0.39-py3-none-win32.whl", hash = "sha256:891c3262314dbc80bf3e872634d23dd216306945daa9a9fcc206ce5ed21ac4c9", size = 10615377, upload-time = "2026-05-22T21:09:43.167Z" },
    { url = "https://files.pythonhosted.org/packages/b5/5a/aaeb22faa8d4dae90a287d4c3636c671edcff3b99be5f4fc8b79ad71eef6/ty-0.0.39-py3-none-win_amd64.whl", hash = "sha256:ba7f2d54452535419e90f6f03ff39282999e87b43c21c00559f6d7ad711a36d5", size = 11710711, upload-time = "2026-05-22T21:09:53.179Z" },
    { url = "https://files.pythonhosted.org/packages/a3/17/ae7339651bfcaa5f54698c8c70eaf5031baa400ecb67baec31d03a56cbd4/ty-0.0.39-py3-none-win_arm64.whl", hash = "sha256:eb4cf0fefbbfedf9a352597bb2431ebdcb7eb3a595c0f825f228e897a0ec285d", size = 11081409, upload-time = "2026-05-22T21:09:03.741Z" },
]
